<Solution>
  <Folder Name="/src/">
    <Project Path="src/Lupira.Auth.DeviceKeys/Lupira.Auth.DeviceKeys.csproj" />
    <Project Path="src/Lupira.Auth.DeviceKeys.AspNetCore/Lupira.Auth.DeviceKeys.AspNetCore.csproj" />
    <Project Path="src/Lupira.Auth.DevUser/Lupira.Auth.DevUser.csproj" />
    <Project Path="src/Lupira.Auth.Jwt/Lupira.Auth.Jwt.csproj" />
    <Project Path="src/Lupira.Auth.Service/Lupira.Auth.Service.csproj" />
    <Project Path="src/Lupira.Auth.Service.AspNetCore/Lupira.Auth.Service.AspNetCore.csproj" />
    <Project Path="src/Lupira.Bff.Auth/Lupira.Bff.Auth.csproj" />
    <Project Path="src/Lupira.Bff.OpenApi/Lupira.Bff.OpenApi.csproj" />
    <Project Path="src/Lupira.Bff.Proxy/Lupira.Bff.Proxy.csproj" />
    <Project Path="src/Lupira.Build/Lupira.Build.csproj" />
    <Project Path="src/Lupira.Contracts.Dav/Lupira.Contracts.Dav.csproj" />
    <Project Path="src/Lupira.Contracts.Depz/Lupira.Contracts.Depz.csproj" />
    <Project Path="src/Lupira.Contracts.Fires/Lupira.Contracts.Fires.csproj" />
    <Project Path="src/Lupira.Contracts.PlaceRefs/Lupira.Contracts.PlaceRefs.csproj" />
    <Project Path="src/Lupira.Depz/Lupira.Depz.csproj" />
    <Project Path="src/Lupira.Depz.Yarp/Lupira.Depz.Yarp.csproj" />
    <Project Path="src/Lupira.Hosting.Defaults/Lupira.Hosting.Defaults.csproj" />
    <Project Path="src/Lupira.Hosting.Health/Lupira.Hosting.Health.csproj" />
    <Project Path="src/Lupira.Hosting.LanEdge/Lupira.Hosting.LanEdge.csproj" />
    <Project Path="src/Lupira.Hosting.OpenApi/Lupira.Hosting.OpenApi.csproj" />
    <Project Path="src/Lupira.Hosting.Observability/Lupira.Hosting.Observability.csproj" />
    <Project Path="src/Lupira.Hosting.Problems/Lupira.Hosting.Problems.csproj" />
    <Project Path="src/Lupira.Identity.Marten/Lupira.Identity.Marten.csproj" />
    <Project Path="src/Lupira.Identity.Marten.AspNetCore/Lupira.Identity.Marten.AspNetCore.csproj" />
    <Project Path="src/Lupira.Marten.Idempotency/Lupira.Marten.Idempotency.csproj" />
    <Project Path="src/Lupira.Mcp/Lupira.Mcp.csproj" />
    <Project Path="src/Lupira.Postgres.Health/Lupira.Postgres.Health.csproj" />
    <Project Path="src/Lupira.Postgres.Partitions/Lupira.Postgres.Partitions.csproj" />
    <Project Path="src/Lupira.Primitives/Lupira.Primitives.csproj" />
    <Project Path="src/Lupira.Results/Lupira.Results.csproj" />
    <Project Path="src/Lupira.Sync/Lupira.Sync.csproj" />
  </Folder>
  <Folder Name="/tests/">
    <Project Path="tests/Lupira.Auth.DeviceKeys.UnitTests/Lupira.Auth.DeviceKeys.UnitTests.csproj" />
    <Project Path="tests/Lupira.Auth.DevUser.UnitTests/Lupira.Auth.DevUser.UnitTests.csproj" />
    <Project Path="tests/Lupira.Auth.Jwt.UnitTests/Lupira.Auth.Jwt.UnitTests.csproj" />
    <Project Path="tests/Lupira.Auth.Service.UnitTests/Lupira.Auth.Service.UnitTests.csproj" />
    <Project Path="tests/Lupira.Bff.Auth.UnitTests/Lupira.Bff.Auth.UnitTests.csproj" />
    <Project Path="tests/Lupira.Bff.OpenApi.UnitTests/Lupira.Bff.OpenApi.UnitTests.csproj" />
    <Project Path="tests/Lupira.Bff.Proxy.UnitTests/Lupira.Bff.Proxy.UnitTests.csproj" />
    <Project Path="tests/Lupira.Build.Tests/Lupira.Build.Tests.csproj" />
    <Project Path="tests/Lupira.Contracts.Dav.UnitTests/Lupira.Contracts.Dav.UnitTests.csproj" />
    <Project Path="tests/Lupira.Contracts.Fires.UnitTests/Lupira.Contracts.Fires.UnitTests.csproj" />
    <Project Path="tests/Lupira.Contracts.PlaceRefs.UnitTests/Lupira.Contracts.PlaceRefs.UnitTests.csproj" />
    <Project Path="tests/Lupira.Depz.UnitTests/Lupira.Depz.UnitTests.csproj" />
    <Project Path="tests/Lupira.Depz.Yarp.UnitTests/Lupira.Depz.Yarp.UnitTests.csproj" />
    <Project Path="tests/Lupira.Hosting.Defaults.UnitTests/Lupira.Hosting.Defaults.UnitTests.csproj" />
    <Project Path="tests/Lupira.Hosting.Health.UnitTests/Lupira.Hosting.Health.UnitTests.csproj" />
    <Project Path="tests/Lupira.Hosting.LanEdge.UnitTests/Lupira.Hosting.LanEdge.UnitTests.csproj" />
    <Project Path="tests/Lupira.Hosting.OpenApi.UnitTests/Lupira.Hosting.OpenApi.UnitTests.csproj" />
    <Project Path="tests/Lupira.Hosting.Observability.UnitTests/Lupira.Hosting.Observability.UnitTests.csproj" />
    <Project Path="tests/Lupira.Hosting.Problems.UnitTests/Lupira.Hosting.Problems.UnitTests.csproj" />
    <Project Path="tests/Lupira.Identity.Marten.UnitTests/Lupira.Identity.Marten.UnitTests.csproj" />
    <Project Path="tests/Lupira.Marten.Idempotency.UnitTests/Lupira.Marten.Idempotency.UnitTests.csproj" />
    <Project Path="tests/Lupira.Mcp.UnitTests/Lupira.Mcp.UnitTests.csproj" />
    <Project Path="tests/Lupira.Postgres.Health.UnitTests/Lupira.Postgres.Health.UnitTests.csproj" />
    <Project Path="tests/Lupira.Postgres.Partitions.UnitTests/Lupira.Postgres.Partitions.UnitTests.csproj" />
    <Project Path="tests/Lupira.Sync.UnitTests/Lupira.Sync.UnitTests.csproj" />
  </Folder>
</Solution>
